
Microsoft Visual Studio Solution File, Format Version 12.00
# Visual Studio Version 17
VisualStudioVersion = 17.2.32616.157
MinimumVisualStudioVersion = 10.0.40219.1
Project("{9A19103F-16F7-4668-BE54-9A1E7A4F7556}") = "BowlingLib", "BowlingLib\BowlingLib.csproj", "{48BBA997-E63D-48BB-BB2A-538457425F02}"
EndProject
Project("{2150E333-8FDC-42A3-9474-1A3956D46DE8}") = "Tests", "Tests", "{C75DF644-C41F-4A08-8B69-C8554204AC72}"
EndProject
Project("{9A19103F-16F7-4668-BE54-9A1E7A4F7556}") = "BowlingAppUnitTest", "Tests\BowlingAppUnitTest\BowlingAppUnitTest.csproj", "{F9B12DFD-EF58-429F-9344-70DFC10EC6E5}"
EndProject
Project("{9A19103F-16F7-4668-BE54-9A1E7A4F7556}") = "BowlingStub", "BowlingStub\BowlingStub.csproj", "{B50615A5-ABFD-4A9C-B236-DBAEDE62AB2E}"
EndProject
Project("{9A19103F-16F7-4668-BE54-9A1E7A4F7556}") = "BowlingEF", "BowlingEF\BowlingEF.csproj", "{1E42224B-45E4-433C-9D20-0A61023790ED}"
EndProject
Project("{9A19103F-16F7-4668-BE54-9A1E7A4F7556}") = "BowlingService", "BowlingService\BowlingService.csproj", "{874DDEF3-1FDA-4ECE-826F-F67143823544}"
EndProject
Project("{2150E333-8FDC-42A3-9474-1A3956D46DE8}") = "Entites", "Entites", "{3A947347-92D9-47A2-A5B8-B1254B018410}"
EndProject
Project("{2150E333-8FDC-42A3-9474-1A3956D46DE8}") = "Services", "Services", "{5B1EBEE8-2C57-4082-84B8-0F4B7855FCD0}"
EndProject
Project("{2150E333-8FDC-42A3-9474-1A3956D46DE8}") = "DTOs", "DTOs", "{A67CAE01-FD47-4EFC-A226-0E23403693F4}"
EndProject
Project("{2150E333-8FDC-42A3-9474-1A3956D46DE8}") = "Repository", "Repository", "{8CF29C06-8F11-49EA-80FC-579B98519159}"
EndProject
Project("{FAE04EC0-301F-11D3-BF4B-00C04F79EFBC}") = "BowlingApi", "BowlingApi\BowlingApi.csproj", "{EB5DF6DA-2D5A-4E84-A3F3-883799C25C70}"
EndProject
Project("{FAE04EC0-301F-11D3-BF4B-00C04F79EFBC}") = "DTOs", "DTOs\DTOs.csproj", "{E9350F3C-4E54-46C3-9C2D-0724C6DDF154}"
EndProject
Project("{2150E333-8FDC-42A3-9474-1A3956D46DE8}") = "Mapper", "Mapper", "{BEA68AD8-C88B-4C1C-BE08-00832C695E76}"
EndProject
Project("{FAE04EC0-301F-11D3-BF4B-00C04F79EFBC}") = "Mapper", "Mapper\Mapper.csproj", "{4C872D24-DF74-4F5C-B6C3-A00BB0E72BE5}"
EndProject
Project("{FAE04EC0-301F-11D3-BF4B-00C04F79EFBC}") = "BowlingRepository", "BowlingRepository\BowlingRepository.csproj", "{0C93426A-0AA1-45AE-BF57-FC06B1FC9A2C}"
EndProject
Project("{FAE04EC0-301F-11D3-BF4B-00C04F79EFBC}") = "BowlingAPITest", "Tests\BowlingAPITest\BowlingAPITest.csproj", "{E5F97007-B13F-4D89-BCC7-4C1D836413AF}"
EndProject
Project("{FAE04EC0-301F-11D3-BF4B-00C04F79EFBC}") = "GraphQL Project", "GraphQL Project\GraphQL Project.csproj", "{F8016AE7-A927-4E68-A7CF-303AB3B8C2C3}"
EndProject
Project("{FAE04EC0-301F-11D3-BF4B-00C04F79EFBC}") = "API Gateway", "API Gateway\API Gateway.csproj", "{20E9E8DF-B3CA-4F4C-9B16-5E880158C43C}"
EndProject
Global
	GlobalSection(SolutionConfigurationPlatforms) = preSolution
		Debug|Any CPU = Debug|Any CPU
		Release|Any CPU = Release|Any CPU
	EndGlobalSection
	GlobalSection(ProjectConfigurationPlatforms) = postSolution
		{48BBA997-E63D-48BB-BB2A-538457425F02}.Debug|Any CPU.ActiveCfg = Debug|Any CPU
		{48BBA997-E63D-48BB-BB2A-538457425F02}.Debug|Any CPU.Build.0 = Debug|Any CPU
		{48BBA997-E63D-48BB-BB2A-538457425F02}.Release|Any CPU.ActiveCfg = Release|Any CPU
		{48BBA997-E63D-48BB-BB2A-538457425F02}.Release|Any CPU.Build.0 = Release|Any CPU
		{F9B12DFD-EF58-429F-9344-70DFC10EC6E5}.Debug|Any CPU.ActiveCfg = Debug|Any CPU
		{F9B12DFD-EF58-429F-9344-70DFC10EC6E5}.Debug|Any CPU.Build.0 = Debug|Any CPU
		{F9B12DFD-EF58-429F-9344-70DFC10EC6E5}.Release|Any CPU.ActiveCfg = Release|Any CPU
		{F9B12DFD-EF58-429F-9344-70DFC10EC6E5}.Release|Any CPU.Build.0 = Release|Any CPU
		{B50615A5-ABFD-4A9C-B236-DBAEDE62AB2E}.Debug|Any CPU.ActiveCfg = Debug|Any CPU
		{B50615A5-ABFD-4A9C-B236-DBAEDE62AB2E}.Debug|Any CPU.Build.0 = Debug|Any CPU
		{B50615A5-ABFD-4A9C-B236-DBAEDE62AB2E}.Release|Any CPU.ActiveCfg = Release|Any CPU
		{B50615A5-ABFD-4A9C-B236-DBAEDE62AB2E}.Release|Any CPU.Build.0 = Release|Any CPU
		{1E42224B-45E4-433C-9D20-0A61023790ED}.Debug|Any CPU.ActiveCfg = Debug|Any CPU
		{1E42224B-45E4-433C-9D20-0A61023790ED}.Debug|Any CPU.Build.0 = Debug|Any CPU
		{1E42224B-45E4-433C-9D20-0A61023790ED}.Release|Any CPU.ActiveCfg = Release|Any CPU
		{1E42224B-45E4-433C-9D20-0A61023790ED}.Release|Any CPU.Build.0 = Release|Any CPU
		{874DDEF3-1FDA-4ECE-826F-F67143823544}.Debug|Any CPU.ActiveCfg = Debug|Any CPU
		{874DDEF3-1FDA-4ECE-826F-F67143823544}.Debug|Any CPU.Build.0 = Debug|Any CPU
		{874DDEF3-1FDA-4ECE-826F-F67143823544}.Release|Any CPU.ActiveCfg = Release|Any CPU
		{874DDEF3-1FDA-4ECE-826F-F67143823544}.Release|Any CPU.Build.0 = Release|Any CPU
		{EB5DF6DA-2D5A-4E84-A3F3-883799C25C70}.Debug|Any CPU.ActiveCfg = Debug|Any CPU
		{EB5DF6DA-2D5A-4E84-A3F3-883799C25C70}.Debug|Any CPU.Build.0 = Debug|Any CPU
		{EB5DF6DA-2D5A-4E84-A3F3-883799C25C70}.Release|Any CPU.ActiveCfg = Release|Any CPU
		{EB5DF6DA-2D5A-4E84-A3F3-883799C25C70}.Release|Any CPU.Build.0 = Release|Any CPU
		{E9350F3C-4E54-46C3-9C2D-0724C6DDF154}.Debug|Any CPU.ActiveCfg = Debug|Any CPU
		{E9350F3C-4E54-46C3-9C2D-0724C6DDF154}.Debug|Any CPU.Build.0 = Debug|Any CPU
		{E9350F3C-4E54-46C3-9C2D-0724C6DDF154}.Release|Any CPU.ActiveCfg = Release|Any CPU
		{E9350F3C-4E54-46C3-9C2D-0724C6DDF154}.Release|Any CPU.Build.0 = Release|Any CPU
		{4C872D24-DF74-4F5C-B6C3-A00BB0E72BE5}.Debug|Any CPU.ActiveCfg = Debug|Any CPU
		{4C872D24-DF74-4F5C-B6C3-A00BB0E72BE5}.Debug|Any CPU.Build.0 = Debug|Any CPU
		{4C872D24-DF74-4F5C-B6C3-A00BB0E72BE5}.Release|Any CPU.ActiveCfg = Release|Any CPU
		{4C872D24-DF74-4F5C-B6C3-A00BB0E72BE5}.Release|Any CPU.Build.0 = Release|Any CPU
		{0C93426A-0AA1-45AE-BF57-FC06B1FC9A2C}.Debug|Any CPU.ActiveCfg = Debug|Any CPU
		{0C93426A-0AA1-45AE-BF57-FC06B1FC9A2C}.Debug|Any CPU.Build.0 = Debug|Any CPU
		{0C93426A-0AA1-45AE-BF57-FC06B1FC9A2C}.Release|Any CPU.ActiveCfg = Release|Any CPU
		{0C93426A-0AA1-45AE-BF57-FC06B1FC9A2C}.Release|Any CPU.Build.0 = Release|Any CPU
		{E5F97007-B13F-4D89-BCC7-4C1D836413AF}.Debug|Any CPU.ActiveCfg = Debug|Any CPU
		{E5F97007-B13F-4D89-BCC7-4C1D836413AF}.Debug|Any CPU.Build.0 = Debug|Any CPU
		{E5F97007-B13F-4D89-BCC7-4C1D836413AF}.Release|Any CPU.ActiveCfg = Release|Any CPU
		{E5F97007-B13F-4D89-BCC7-4C1D836413AF}.Release|Any CPU.Build.0 = Release|Any CPU
		{F8016AE7-A927-4E68-A7CF-303AB3B8C2C3}.Debug|Any CPU.ActiveCfg = Debug|Any CPU
		{F8016AE7-A927-4E68-A7CF-303AB3B8C2C3}.Debug|Any CPU.Build.0 = Debug|Any CPU
		{F8016AE7-A927-4E68-A7CF-303AB3B8C2C3}.Release|Any CPU.ActiveCfg = Release|Any CPU
		{F8016AE7-A927-4E68-A7CF-303AB3B8C2C3}.Release|Any CPU.Build.0 = Release|Any CPU
		{20E9E8DF-B3CA-4F4C-9B16-5E880158C43C}.Debug|Any CPU.ActiveCfg = Debug|Any CPU
		{20E9E8DF-B3CA-4F4C-9B16-5E880158C43C}.Debug|Any CPU.Build.0 = Debug|Any CPU
		{20E9E8DF-B3CA-4F4C-9B16-5E880158C43C}.Release|Any CPU.ActiveCfg = Release|Any CPU
		{20E9E8DF-B3CA-4F4C-9B16-5E880158C43C}.Release|Any CPU.Build.0 = Release|Any CPU
	EndGlobalSection
	GlobalSection(SolutionProperties) = preSolution
		HideSolutionNode = FALSE
	EndGlobalSection
	GlobalSection(NestedProjects) = preSolution
		{F9B12DFD-EF58-429F-9344-70DFC10EC6E5} = {C75DF644-C41F-4A08-8B69-C8554204AC72}
		{1E42224B-45E4-433C-9D20-0A61023790ED} = {3A947347-92D9-47A2-A5B8-B1254B018410}
		{874DDEF3-1FDA-4ECE-826F-F67143823544} = {5B1EBEE8-2C57-4082-84B8-0F4B7855FCD0}
		{E9350F3C-4E54-46C3-9C2D-0724C6DDF154} = {A67CAE01-FD47-4EFC-A226-0E23403693F4}
		{4C872D24-DF74-4F5C-B6C3-A00BB0E72BE5} = {BEA68AD8-C88B-4C1C-BE08-00832C695E76}
		{0C93426A-0AA1-45AE-BF57-FC06B1FC9A2C} = {8CF29C06-8F11-49EA-80FC-579B98519159}
		{E5F97007-B13F-4D89-BCC7-4C1D836413AF} = {C75DF644-C41F-4A08-8B69-C8554204AC72}
	EndGlobalSection
	GlobalSection(ExtensibilityGlobals) = postSolution
		SolutionGuid = {4D47853B-D1A3-49A5-84BA-CD2DC65FD105}
	EndGlobalSection
EndGlobal
